
Microsoft Visual Studio Solution File, Format Version 12.00
# Visual Studio Version 17
VisualStudioVersion = 17.1.32421.90
MinimumVisualStudioVersion = 10.0.40219.1
Project("{FAE04EC0-301F-11D3-BF4B-00C04F79EFBC}") = "PatronFacade_fachada", "PatronFacade_fachada\PatronFacade_fachada.csproj", "{A03FC7E8-FE5D-481A-A152-4DC0547BF57C}"
EndProject
Global
	GlobalSection(SolutionConfigurationPlatforms) = preSolution
		Debug|Any CPU = Debug|Any CPU
		Release|Any CPU = Release|Any CPU
	EndGlobalSection
	GlobalSection(ProjectConfigurationPlatforms) = postSolution
		{A03FC7E8-FE5D-481A-A152-4DC0547BF57C}.Debug|Any CPU.ActiveCfg = Debug|Any CPU
		{A03FC7E8-FE5D-481A-A152-4DC0547BF57C}.Debug|Any CPU.Build.0 = Debug|Any CPU
		{A03FC7E8-FE5D-481A-A152-4DC0547BF57C}.Release|Any CPU.ActiveCfg = Release|Any CPU
		{A03FC7E8-FE5D-481A-A152-4DC0547BF57C}.Release|Any CPU.Build.0 = Release|Any CPU
	EndGlobalSection
	GlobalSection(SolutionProperties) = preSolution
		HideSolutionNode = FALSE
	EndGlobalSection
	GlobalSection(ExtensibilityGlobals) = postSolution
		SolutionGuid = {578BBE6A-03B2-4160-B597-3A86A3E1689B}
	EndGlobalSection
EndGlobal
